
Microsoft Visual Studio Solution File, Format Version 12.00
# Visual Studio Version 17
VisualStudioVersion = 17.0.31903.59
MinimumVisualStudioVersion = 10.0.40219.1
Project("{2150E333-8FDC-42A3-9474-1A3956D46DE8}") = "src", "src", "{827E0CD3-B72D-47B6-A68D-7590B98EB39B}"
EndProject
Project("{FAE04EC0-301F-11D3-BF4B-00C04F79EFBC}") = "ResumeBuilder.Api", "src\ResumeBuilder.Api\ResumeBuilder.Api.csproj", "{2260BA4D-EEEF-48C2-A201-F25663C05C16}"
EndProject
Project("{FAE04EC0-301F-11D3-BF4B-00C04F79EFBC}") = "ResumeBuilder.Application", "src\ResumeBuilder.Application\ResumeBuilder.Application.csproj", "{85AC325F-AD8E-4D75-857D-4716F0FC146C}"
EndProject
Project("{FAE04EC0-301F-11D3-BF4B-00C04F79EFBC}") = "ResumeBuilder.Domain", "src\ResumeBuilder.Domain\ResumeBuilder.Domain.csproj", "{BAC6B7E8-5C31-41B0-9D78-B4830DFF2628}"
EndProject
Project("{FAE04EC0-301F-11D3-BF4B-00C04F79EFBC}") = "ResumeBuilder.Infrastructure", "src\ResumeBuilder.Infrastructure\ResumeBuilder.Infrastructure.csproj", "{4D19BEB8-D0D2-45CB-9FCE-F10C0A1472B5}"
EndProject
Project("{FAE04EC0-301F-11D3-BF4B-00C04F79EFBC}") = "ResumeBuilder.Worker", "src\ResumeBuilder.Worker\ResumeBuilder.Worker.csproj", "{8577344A-775D-4C28-A19F-F1E559C56277}"
EndProject
Project("{2150E333-8FDC-42A3-9474-1A3956D46DE8}") = "tests", "tests", "{0AB3BF05-4346-4AA6-1389-037BE0695223}"
EndProject
Project("{FAE04EC0-301F-11D3-BF4B-00C04F79EFBC}") = "ResumeBuilder.Tests", "tests\ResumeBuilder.Tests\ResumeBuilder.Tests.csproj", "{7323BA91-18B7-4084-9EA4-361D33A95E26}"
EndProject
Global
	GlobalSection(SolutionConfigurationPlatforms) = preSolution
		Debug|Any CPU = Debug|Any CPU
		Debug|x64 = Debug|x64
		Debug|x86 = Debug|x86
		Release|Any CPU = Release|Any CPU
		Release|x64 = Release|x64
		Release|x86 = Release|x86
	EndGlobalSection
	GlobalSection(ProjectConfigurationPlatforms) = postSolution
		{2260BA4D-EEEF-48C2-A201-F25663C05C16}.Debug|Any CPU.ActiveCfg = Debug|Any CPU
		{2260BA4D-EEEF-48C2-A201-F25663C05C16}.Debug|Any CPU.Build.0 = Debug|Any CPU
		{2260BA4D-EEEF-48C2-A201-F25663C05C16}.Debug|x64.ActiveCfg = Debug|Any CPU
		{2260BA4D-EEEF-48C2-A201-F25663C05C16}.Debug|x64.Build.0 = Debug|Any CPU
		{2260BA4D-EEEF-48C2-A201-F25663C05C16}.Debug|x86.ActiveCfg = Debug|Any CPU
		{2260BA4D-EEEF-48C2-A201-F25663C05C16}.Debug|x86.Build.0 = Debug|Any CPU
		{2260BA4D-EEEF-48C2-A201-F25663C05C16}.Release|Any CPU.ActiveCfg = Release|Any CPU
		{2260BA4D-EEEF-48C2-A201-F25663C05C16}.Release|Any CPU.Build.0 = Release|Any CPU
		{2260BA4D-EEEF-48C2-A201-F25663C05C16}.Release|x64.ActiveCfg = Release|Any CPU
		{2260BA4D-EEEF-48C2-A201-F25663C05C16}.Release|x64.Build.0 = Release|Any CPU
		{2260BA4D-EEEF-48C2-A201-F25663C05C16}.Release|x86.ActiveCfg = Release|Any CPU
		{2260BA4D-EEEF-48C2-A201-F25663C05C16}.Release|x86.Build.0 = Release|Any CPU
		{85AC325F-AD8E-4D75-857D-4716F0FC146C}.Debug|Any CPU.ActiveCfg = Debug|Any CPU
		{85AC325F-AD8E-4D75-857D-4716F0FC146C}.Debug|Any CPU.Build.0 = Debug|Any CPU
		{85AC325F-AD8E-4D75-857D-4716F0FC146C}.Debug|x64.ActiveCfg = Debug|Any CPU
		{85AC325F-AD8E-4D75-857D-4716F0FC146C}.Debug|x64.Build.0 = Debug|Any CPU
		{85AC325F-AD8E-4D75-857D-4716F0FC146C}.Debug|x86.ActiveCfg = Debug|Any CPU
		{85AC325F-AD8E-4D75-857D-4716F0FC146C}.Debug|x86.Build.0 = Debug|Any CPU
		{85AC325F-AD8E-4D75-857D-4716F0FC146C}.Release|Any CPU.ActiveCfg = Release|Any CPU
		{85AC325F-AD8E-4D75-857D-4716F0FC146C}.Release|Any CPU.Build.0 = Release|Any CPU
		{85AC325F-AD8E-4D75-857D-4716F0FC146C}.Release|x64.ActiveCfg = Release|Any CPU
		{85AC325F-AD8E-4D75-857D-4716F0FC146C}.Release|x64.Build.0 = Release|Any CPU
		{85AC325F-AD8E-4D75-857D-4716F0FC146C}.Release|x86.ActiveCfg = Release|Any CPU
		{85AC325F-AD8E-4D75-857D-4716F0FC146C}.Release|x86.Build.0 = Release|Any CPU
		{BAC6B7E8-5C31-41B0-9D78-B4830DFF2628}.Debug|Any CPU.ActiveCfg = Debug|Any CPU
		{BAC6B7E8-5C31-41B0-9D78-B4830DFF2628}.Debug|Any CPU.Build.0 = Debug|Any CPU
		{BAC6B7E8-5C31-41B0-9D78-B4830DFF2628}.Debug|x64.ActiveCfg = Debug|Any CPU
		{BAC6B7E8-5C31-41B0-9D78-B4830DFF2628}.Debug|x64.Build.0 = Debug|Any CPU
		{BAC6B7E8-5C31-41B0-9D78-B4830DFF2628}.Debug|x86.ActiveCfg = Debug|Any CPU
		{BAC6B7E8-5C31-41B0-9D78-B4830DFF2628}.Debug|x86.Build.0 = Debug|Any CPU
		{BAC6B7E8-5C31-41B0-9D78-B4830DFF2628}.Release|Any CPU.ActiveCfg = Release|Any CPU
		{BAC6B7E8-5C31-41B0-9D78-B4830DFF2628}.Release|Any CPU.Build.0 = Release|Any CPU
		{BAC6B7E8-5C31-41B0-9D78-B4830DFF2628}.Release|x64.ActiveCfg = Release|Any CPU
		{BAC6B7E8-5C31-41B0-9D78-B4830DFF2628}.Release|x64.Build.0 = Release|Any CPU
		{BAC6B7E8-5C31-41B0-9D78-B4830DFF2628}.Release|x86.ActiveCfg = Release|Any CPU
		{BAC6B7E8-5C31-41B0-9D78-B4830DFF2628}.Release|x86.Build.0 = Release|Any CPU
		{4D19BEB8-D0D2-45CB-9FCE-F10C0A1472B5}.Debug|Any CPU.ActiveCfg = Debug|Any CPU
		{4D19BEB8-D0D2-45CB-9FCE-F10C0A1472B5}.Debug|Any CPU.Build.0 = Debug|Any CPU
		{4D19BEB8-D0D2-45CB-9FCE-F10C0A1472B5}.Debug|x64.ActiveCfg = Debug|Any CPU
		{4D19BEB8-D0D2-45CB-9FCE-F10C0A1472B5}.Debug|x64.Build.0 = Debug|Any CPU
		{4D19BEB8-D0D2-45CB-9FCE-F10C0A1472B5}.Debug|x86.ActiveCfg = Debug|Any CPU
		{4D19BEB8-D0D2-45CB-9FCE-F10C0A1472B5}.Debug|x86.Build.0 = Debug|Any CPU
		{4D19BEB8-D0D2-45CB-9FCE-F10C0A1472B5}.Release|Any CPU.ActiveCfg = Release|Any CPU
		{4D19BEB8-D0D2-45CB-9FCE-F10C0A1472B5}.Release|Any CPU.Build.0 = Release|Any CPU
		{4D19BEB8-D0D2-45CB-9FCE-F10C0A1472B5}.Release|x64.ActiveCfg = Release|Any CPU
		{4D19BEB8-D0D2-45CB-9FCE-F10C0A1472B5}.Release|x64.Build.0 = Release|Any CPU
		{4D19BEB8-D0D2-45CB-9FCE-F10C0A1472B5}.Release|x86.ActiveCfg = Release|Any CPU
		{4D19BEB8-D0D2-45CB-9FCE-F10C0A1472B5}.Release|x86.Build.0 = Release|Any CPU
		{8577344A-775D-4C28-A19F-F1E559C56277}.Debug|Any CPU.ActiveCfg = Debug|Any CPU
		{8577344A-775D-4C28-A19F-F1E559C56277}.Debug|Any CPU.Build.0 = Debug|Any CPU
		{8577344A-775D-4C28-A19F-F1E559C56277}.Debug|x64.ActiveCfg = Debug|Any CPU
		{8577344A-775D-4C28-A19F-F1E559C56277}.Debug|x64.Build.0 = Debug|Any CPU
		{8577344A-775D-4C28-A19F-F1E559C56277}.Debug|x86.ActiveCfg = Debug|Any CPU
		{8577344A-775D-4C28-A19F-F1E559C56277}.Debug|x86.Build.0 = Debug|Any CPU
		{8577344A-775D-4C28-A19F-F1E559C56277}.Release|Any CPU.ActiveCfg = Release|Any CPU
		{8577344A-775D-4C28-A19F-F1E559C56277}.Release|Any CPU.Build.0 = Release|Any CPU
		{8577344A-775D-4C28-A19F-F1E559C56277}.Release|x64.ActiveCfg = Release|Any CPU
		{8577344A-775D-4C28-A19F-F1E559C56277}.Release|x64.Build.0 = Release|Any CPU
		{8577344A-775D-4C28-A19F-F1E559C56277}.Release|x86.ActiveCfg = Release|Any CPU
		{8577344A-775D-4C28-A19F-F1E559C56277}.Release|x86.Build.0 = Release|Any CPU
		{7323BA91-18B7-4084-9EA4-361D33A95E26}.Debug|Any CPU.ActiveCfg = Debug|Any CPU
		{7323BA91-18B7-4084-9EA4-361D33A95E26}.Debug|Any CPU.Build.0 = Debug|Any CPU
		{7323BA91-18B7-4084-9EA4-361D33A95E26}.Debug|x64.ActiveCfg = Debug|Any CPU
		{7323BA91-18B7-4084-9EA4-361D33A95E26}.Debug|x64.Build.0 = Debug|Any CPU
		{7323BA91-18B7-4084-9EA4-361D33A95E26}.Debug|x86.ActiveCfg = Debug|Any CPU
		{7323BA91-18B7-4084-9EA4-361D33A95E26}.Debug|x86.Build.0 = Debug|Any CPU
		{7323BA91-18B7-4084-9EA4-361D33A95E26}.Release|Any CPU.ActiveCfg = Release|Any CPU
		{7323BA91-18B7-4084-9EA4-361D33A95E26}.Release|Any CPU.Build.0 = Release|Any CPU
		{7323BA91-18B7-4084-9EA4-361D33A95E26}.Release|x64.ActiveCfg = Release|Any CPU
		{7323BA91-18B7-4084-9EA4-361D33A95E26}.Release|x64.Build.0 = Release|Any CPU
		{7323BA91-18B7-4084-9EA4-361D33A95E26}.Release|x86.ActiveCfg = Release|Any CPU
		{7323BA91-18B7-4084-9EA4-361D33A95E26}.Release|x86.Build.0 = Release|Any CPU
	EndGlobalSection
	GlobalSection(SolutionProperties) = preSolution
		HideSolutionNode = FALSE
	EndGlobalSection
	GlobalSection(NestedProjects) = preSolution
		{2260BA4D-EEEF-48C2-A201-F25663C05C16} = {827E0CD3-B72D-47B6-A68D-7590B98EB39B}
		{85AC325F-AD8E-4D75-857D-4716F0FC146C} = {827E0CD3-B72D-47B6-A68D-7590B98EB39B}
		{BAC6B7E8-5C31-41B0-9D78-B4830DFF2628} = {827E0CD3-B72D-47B6-A68D-7590B98EB39B}
		{4D19BEB8-D0D2-45CB-9FCE-F10C0A1472B5} = {827E0CD3-B72D-47B6-A68D-7590B98EB39B}
		{8577344A-775D-4C28-A19F-F1E559C56277} = {827E0CD3-B72D-47B6-A68D-7590B98EB39B}
		{7323BA91-18B7-4084-9EA4-361D33A95E26} = {0AB3BF05-4346-4AA6-1389-037BE0695223}
	EndGlobalSection
EndGlobal
